
Microsoft Visual Studio Solution File, Format Version 12.00
# Visual Studio Version 17
VisualStudioVersion = 17.4.33205.214
MinimumVisualStudioVersion = 10.0.40219.1
Project("{FAE04EC0-301F-11D3-BF4B-00C04F79EFBC}") = "StudentApp", "StudentApp\StudentApp.csproj", "{A3A47801-F964-4A6C-99E1-1C3441AB31BC}"
EndProject
Global
	GlobalSection(SolutionConfigurationPlatforms) = preSolution
		Debug|Any CPU = Debug|Any CPU
		Release|Any CPU = Release|Any CPU
	EndGlobalSection
	GlobalSection(ProjectConfigurationPlatforms) = postSolution
		{A3A47801-F964-4A6C-99E1-1C3441AB31BC}.Debug|Any CPU.ActiveCfg = Debug|Any CPU
		{A3A47801-F964-4A6C-99E1-1C3441AB31BC}.Debug|Any CPU.Build.0 = Debug|Any CPU
		{A3A47801-F964-4A6C-99E1-1C3441AB31BC}.Release|Any CPU.ActiveCfg = Release|Any CPU
		{A3A47801-F964-4A6C-99E1-1C3441AB31BC}.Release|Any CPU.Build.0 = Release|Any CPU
	EndGlobalSection
	GlobalSection(SolutionProperties) = preSolution
		HideSolutionNode = FALSE
	EndGlobalSection
	GlobalSection(ExtensibilityGlobals) = postSolution
		SolutionGuid = {82D1C42F-35A0-4FC1-A201-30B51469A58D}
	EndGlobalSection
EndGlobal
